
Microsoft Visual Studio Solution File, Format Version 12.00
# Visual Studio Version 17
VisualStudioVersion = 17.10.35027.167
MinimumVisualStudioVersion = 10.0.40219.1
Project("{2150E333-8FDC-42A3-9474-1A3956D46DE8}") = "1. PresentaionAccess", "1. PresentaionAccess", "{E5323C4E-439F-4589-844B-342C232E87A8}"
EndProject
Project("{2150E333-8FDC-42A3-9474-1A3956D46DE8}") = "2. DataAccess", "2. DataAccess", "{F3F479D7-4B71-40BE-9E40-07CDB2E7BAE0}"
EndProject
Project("{2150E333-8FDC-42A3-9474-1A3956D46DE8}") = "3. BusinessAccess", "3. BusinessAccess", "{563DBB9C-3F37-43CF-844A-1DD41E06A485}"
EndProject
Project("{9A19103F-16F7-4668-BE54-9A1E7A4F7556}") = "RentTutorPresentation", "RentTutorPresentation\RentTutorPresentation.csproj", "{85B5E3C5-6B7D-4F77-BB75-888E65D31498}"
EndProject
Project("{9A19103F-16F7-4668-BE54-9A1E7A4F7556}") = "DataAccess", "DataAccess\DataAccess.csproj", "{0B297A02-CB44-42EE-B7D1-6694475EB8D4}"
EndProject
Project("{9A19103F-16F7-4668-BE54-9A1E7A4F7556}") = "BusinessAccess", "BusinessAccess\BusinessAccess.csproj", "{625E0670-F07B-458F-9945-A0CF3B7E5444}"
EndProject
Project("{2150E333-8FDC-42A3-9474-1A3956D46DE8}") = "4. CommonAccess", "4. CommonAccess", "{EFD297F5-FE0D-40E9-9AFB-F1CED41E9B36}"
EndProject
Project("{FAE04EC0-301F-11D3-BF4B-00C04F79EFBC}") = "Common", "Common\Common.csproj", "{F8261E6F-AD9D-4582-9F2E-A0D0B73F5659}"
EndProject
Global
	GlobalSection(SolutionConfigurationPlatforms) = preSolution
		Debug|Any CPU = Debug|Any CPU
		Release|Any CPU = Release|Any CPU
	EndGlobalSection
	GlobalSection(ProjectConfigurationPlatforms) = postSolution
		{85B5E3C5-6B7D-4F77-BB75-888E65D31498}.Debug|Any CPU.ActiveCfg = Debug|Any CPU
		{85B5E3C5-6B7D-4F77-BB75-888E65D31498}.Debug|Any CPU.Build.0 = Debug|Any CPU
		{85B5E3C5-6B7D-4F77-BB75-888E65D31498}.Release|Any CPU.ActiveCfg = Release|Any CPU
		{85B5E3C5-6B7D-4F77-BB75-888E65D31498}.Release|Any CPU.Build.0 = Release|Any CPU
		{0B297A02-CB44-42EE-B7D1-6694475EB8D4}.Debug|Any CPU.ActiveCfg = Debug|Any CPU
		{0B297A02-CB44-42EE-B7D1-6694475EB8D4}.Debug|Any CPU.Build.0 = Debug|Any CPU
		{0B297A02-CB44-42EE-B7D1-6694475EB8D4}.Release|Any CPU.ActiveCfg = Release|Any CPU
		{0B297A02-CB44-42EE-B7D1-6694475EB8D4}.Release|Any CPU.Build.0 = Release|Any CPU
		{625E0670-F07B-458F-9945-A0CF3B7E5444}.Debug|Any CPU.ActiveCfg = Debug|Any CPU
		{625E0670-F07B-458F-9945-A0CF3B7E5444}.Debug|Any CPU.Build.0 = Debug|Any CPU
		{625E0670-F07B-458F-9945-A0CF3B7E5444}.Release|Any CPU.ActiveCfg = Release|Any CPU
		{625E0670-F07B-458F-9945-A0CF3B7E5444}.Release|Any CPU.Build.0 = Release|Any CPU
		{F8261E6F-AD9D-4582-9F2E-A0D0B73F5659}.Debug|Any CPU.ActiveCfg = Debug|Any CPU
		{F8261E6F-AD9D-4582-9F2E-A0D0B73F5659}.Debug|Any CPU.Build.0 = Debug|Any CPU
		{F8261E6F-AD9D-4582-9F2E-A0D0B73F5659}.Release|Any CPU.ActiveCfg = Release|Any CPU
		{F8261E6F-AD9D-4582-9F2E-A0D0B73F5659}.Release|Any CPU.Build.0 = Release|Any CPU
	EndGlobalSection
	GlobalSection(SolutionProperties) = preSolution
		HideSolutionNode = FALSE
	EndGlobalSection
	GlobalSection(NestedProjects) = preSolution
		{85B5E3C5-6B7D-4F77-BB75-888E65D31498} = {E5323C4E-439F-4589-844B-342C232E87A8}
		{0B297A02-CB44-42EE-B7D1-6694475EB8D4} = {F3F479D7-4B71-40BE-9E40-07CDB2E7BAE0}
		{625E0670-F07B-458F-9945-A0CF3B7E5444} = {563DBB9C-3F37-43CF-844A-1DD41E06A485}
		{F8261E6F-AD9D-4582-9F2E-A0D0B73F5659} = {EFD297F5-FE0D-40E9-9AFB-F1CED41E9B36}
	EndGlobalSection
	GlobalSection(ExtensibilityGlobals) = postSolution
		SolutionGuid = {9718DD93-BB2C-417F-A296-EFB1F9B6F933}
	EndGlobalSection
EndGlobal
